
Microsoft Visual Studio Solution File, Format Version 12.00
# Visual Studio 15
VisualStudioVersion = 15.0.28010.2050
MinimumVisualStudioVersion = 10.0.40219.1
Project("{9A19103F-16F7-4668-BE54-9A1E7A4F7556}") = "Dfc.Coursedata.Enrichment.Importer", "Dfc.Coursedata.Enrichment.Importer\Dfc.Coursedata.Enrichment.Importer.csproj", "{D586338A-066E-4F4D-AC79-D3AAD2452546}"
EndProject
Project("{9A19103F-16F7-4668-BE54-9A1E7A4F7556}") = "Dfc.Coursedata.Enrichment.Services", "Dfc.Coursedata.Enrichment.Services\Dfc.Coursedata.Enrichment.Services.csproj", "{69D2811B-51E3-48B1-8F5F-62914CE5D827}"
EndProject
Project("{9A19103F-16F7-4668-BE54-9A1E7A4F7556}") = "Dfc.Coursedata.Enrichment.Common", "Dfc.Coursedata.Enrichment.Common\Dfc.Coursedata.Enrichment.Common.csproj", "{8D690F10-1928-4C42-872F-C38E531407A9}"
EndProject
Project("{9A19103F-16F7-4668-BE54-9A1E7A4F7556}") = "Dfc.ProviderPortal.UKRLP", "..\dfc-providerportal-ukrlp\src\Dfc.ProviderPortal.UKRLP\Dfc.ProviderPortal.UKRLP.csproj", "{2D0A0FEE-AF18-4903-A568-86BBD0F0382A}"
EndProject
Project("{9A19103F-16F7-4668-BE54-9A1E7A4F7556}") = "UKRLP.ProviderSynchronise", "..\dfc-providerportal-ukrlp\src\UKRLP.ProviderSynchronise\UKRLP.ProviderSynchronise.csproj", "{FDDE95C7-2AFA-4EF1-B900-3E142380F70F}"
EndProject
Global
	GlobalSection(SolutionConfigurationPlatforms) = preSolution
		Debug|Any CPU = Debug|Any CPU
		Release|Any CPU = Release|Any CPU
	EndGlobalSection
	GlobalSection(ProjectConfigurationPlatforms) = postSolution
		{D586338A-066E-4F4D-AC79-D3AAD2452546}.Debug|Any CPU.ActiveCfg = Debug|Any CPU
		{D586338A-066E-4F4D-AC79-D3AAD2452546}.Debug|Any CPU.Build.0 = Debug|Any CPU
		{D586338A-066E-4F4D-AC79-D3AAD2452546}.Release|Any CPU.ActiveCfg = Release|Any CPU
		{D586338A-066E-4F4D-AC79-D3AAD2452546}.Release|Any CPU.Build.0 = Release|Any CPU
		{69D2811B-51E3-48B1-8F5F-62914CE5D827}.Debug|Any CPU.ActiveCfg = Debug|Any CPU
		{69D2811B-51E3-48B1-8F5F-62914CE5D827}.Debug|Any CPU.Build.0 = Debug|Any CPU
		{69D2811B-51E3-48B1-8F5F-62914CE5D827}.Release|Any CPU.ActiveCfg = Release|Any CPU
		{69D2811B-51E3-48B1-8F5F-62914CE5D827}.Release|Any CPU.Build.0 = Release|Any CPU
		{8D690F10-1928-4C42-872F-C38E531407A9}.Debug|Any CPU.ActiveCfg = Debug|Any CPU
		{8D690F10-1928-4C42-872F-C38E531407A9}.Debug|Any CPU.Build.0 = Debug|Any CPU
		{8D690F10-1928-4C42-872F-C38E531407A9}.Release|Any CPU.ActiveCfg = Release|Any CPU
		{8D690F10-1928-4C42-872F-C38E531407A9}.Release|Any CPU.Build.0 = Release|Any CPU
		{2D0A0FEE-AF18-4903-A568-86BBD0F0382A}.Debug|Any CPU.ActiveCfg = Debug|Any CPU
		{2D0A0FEE-AF18-4903-A568-86BBD0F0382A}.Debug|Any CPU.Build.0 = Debug|Any CPU
		{2D0A0FEE-AF18-4903-A568-86BBD0F0382A}.Release|Any CPU.ActiveCfg = Release|Any CPU
		{2D0A0FEE-AF18-4903-A568-86BBD0F0382A}.Release|Any CPU.Build.0 = Release|Any CPU
		{FDDE95C7-2AFA-4EF1-B900-3E142380F70F}.Debug|Any CPU.ActiveCfg = Debug|Any CPU
		{FDDE95C7-2AFA-4EF1-B900-3E142380F70F}.Debug|Any CPU.Build.0 = Debug|Any CPU
		{FDDE95C7-2AFA-4EF1-B900-3E142380F70F}.Release|Any CPU.ActiveCfg = Release|Any CPU
		{FDDE95C7-2AFA-4EF1-B900-3E142380F70F}.Release|Any CPU.Build.0 = Release|Any CPU
	EndGlobalSection
	GlobalSection(SolutionProperties) = preSolution
		HideSolutionNode = FALSE
	EndGlobalSection
	GlobalSection(ExtensibilityGlobals) = postSolution
		SolutionGuid = {534A5D07-4357-4D02-8E43-AB08DDB31EEF}
	EndGlobalSection
EndGlobal
